
Microsoft Visual Studio Solution File, Format Version 12.00
# Visual Studio Version 17
VisualStudioVersion = 17.14.36623.8
MinimumVisualStudioVersion = 10.0.40219.1
Project("{FAE04EC0-301F-11D3-BF4B-00C04F79EFBC}") = "WebAPI1", "WebAPI1\WebAPI1.csproj", "{2F06AD60-2A3F-4FD5-878F-B5DA03DBD33F}"
EndProject
Project("{FAE04EC0-301F-11D3-BF4B-00C04F79EFBC}") = "Application", "Application\Application.csproj", "{F37A504B-3BB0-4E38-8382-DE28365B93F1}"
EndProject
Project("{FAE04EC0-301F-11D3-BF4B-00C04F79EFBC}") = "Domain", "Domain\Domain.csproj", "{15DA6991-0235-45B0-AF54-AB2A56C482EF}"
EndProject
Project("{FAE04EC0-301F-11D3-BF4B-00C04F79EFBC}") = "Infrastructure", "Infrastructure\Infrastructure.csproj", "{5872AEB3-BAA3-FE31-B0EB-0FB6DBEDCF83}"
EndProject
Project("{FAE04EC0-301F-11D3-BF4B-00C04F79EFBC}") = "WebAPITest", "WebAPITest\WebAPITest.csproj", "{EC647EF9-6600-C403-34B6-7072F18A9A0A}"
EndProject
Global
	GlobalSection(SolutionConfigurationPlatforms) = preSolution
		Debug|Any CPU = Debug|Any CPU
		Release|Any CPU = Release|Any CPU
	EndGlobalSection
	GlobalSection(ProjectConfigurationPlatforms) = postSolution
		{2F06AD60-2A3F-4FD5-878F-B5DA03DBD33F}.Debug|Any CPU.ActiveCfg = Debug|Any CPU
		{2F06AD60-2A3F-4FD5-878F-B5DA03DBD33F}.Debug|Any CPU.Build.0 = Debug|Any CPU
		{2F06AD60-2A3F-4FD5-878F-B5DA03DBD33F}.Release|Any CPU.ActiveCfg = Release|Any CPU
		{2F06AD60-2A3F-4FD5-878F-B5DA03DBD33F}.Release|Any CPU.Build.0 = Release|Any CPU
		{F37A504B-3BB0-4E38-8382-DE28365B93F1}.Debug|Any CPU.ActiveCfg = Debug|Any CPU
		{F37A504B-3BB0-4E38-8382-DE28365B93F1}.Debug|Any CPU.Build.0 = Debug|Any CPU
		{F37A504B-3BB0-4E38-8382-DE28365B93F1}.Release|Any CPU.ActiveCfg = Release|Any CPU
		{F37A504B-3BB0-4E38-8382-DE28365B93F1}.Release|Any CPU.Build.0 = Release|Any CPU
		{15DA6991-0235-45B0-AF54-AB2A56C482EF}.Debug|Any CPU.ActiveCfg = Debug|Any CPU
		{15DA6991-0235-45B0-AF54-AB2A56C482EF}.Debug|Any CPU.Build.0 = Debug|Any CPU
		{15DA6991-0235-45B0-AF54-AB2A56C482EF}.Release|Any CPU.ActiveCfg = Release|Any CPU
		{15DA6991-0235-45B0-AF54-AB2A56C482EF}.Release|Any CPU.Build.0 = Release|Any CPU
		{5872AEB3-BAA3-FE31-B0EB-0FB6DBEDCF83}.Debug|Any CPU.ActiveCfg = Debug|Any CPU
		{5872AEB3-BAA3-FE31-B0EB-0FB6DBEDCF83}.Debug|Any CPU.Build.0 = Debug|Any CPU
		{5872AEB3-BAA3-FE31-B0EB-0FB6DBEDCF83}.Release|Any CPU.ActiveCfg = Release|Any CPU
		{5872AEB3-BAA3-FE31-B0EB-0FB6DBEDCF83}.Release|Any CPU.Build.0 = Release|Any CPU
		{EC647EF9-6600-C403-34B6-7072F18A9A0A}.Debug|Any CPU.ActiveCfg = Debug|Any CPU
		{EC647EF9-6600-C403-34B6-7072F18A9A0A}.Debug|Any CPU.Build.0 = Debug|Any CPU
		{EC647EF9-6600-C403-34B6-7072F18A9A0A}.Release|Any CPU.ActiveCfg = Release|Any CPU
		{EC647EF9-6600-C403-34B6-7072F18A9A0A}.Release|Any CPU.Build.0 = Release|Any CPU
	EndGlobalSection
	GlobalSection(SolutionProperties) = preSolution
		HideSolutionNode = FALSE
	EndGlobalSection
	GlobalSection(ExtensibilityGlobals) = postSolution
		SolutionGuid = {A08FA039-3532-4907-BCF0-213607274872}
	EndGlobalSection
EndGlobal
